
Microsoft Visual Studio Solution File, Format Version 12.00
Project("{FAE04EC0-301F-11D3-BF4B-00C04F79EFBC}") = "application", "application.csproj", "{993A8ED8-E2E1-44F9-B2E5-1DCF2ECC643F}"
EndProject
Global
	GlobalSection(SolutionConfigurationPlatforms) = preSolution
		Debug|Any CPU = Debug|Any CPU
		Release|Any CPU = Release|Any CPU
	EndGlobalSection
	GlobalSection(ProjectConfigurationPlatforms) = postSolution
		{993A8ED8-E2E1-44F9-B2E5-1DCF2ECC643F}.Debug|Any CPU.ActiveCfg = Debug|Any CPU
		{993A8ED8-E2E1-44F9-B2E5-1DCF2ECC643F}.Debug|Any CPU.Build.0 = Debug|Any CPU
		{993A8ED8-E2E1-44F9-B2E5-1DCF2ECC643F}.Release|Any CPU.ActiveCfg = Release|Any CPU
		{993A8ED8-E2E1-44F9-B2E5-1DCF2ECC643F}.Release|Any CPU.Build.0 = Release|Any CPU
	EndGlobalSection
EndGlobal
